<?xml version="1.0" encoding="utf-8"?>
<Project ToolsVersion="4.0" xmlns="http://schemas.microsoft.com/developer/msbuild/2003">
  <ItemGroup>
    <Filter Include="Source Files">
      <UniqueIdentifier>{4FC737F1-C7A5-4376-A066-2A32D752A2FF}</UniqueIdentifier>
      <Extensions>cpp;c;cc;cxx;def;odl;idl;hpj;bat;asm;asmx</Extensions>
    </Filter>
    <Filter Include="Header Files">
      <UniqueIdentifier>{93995380-89BD-4b04-88EB-625FBE52EBFB}</UniqueIdentifier>
      <Extensions>h;hh;hpp;hxx;hm;inl;inc;xsd</Extensions>
    </Filter>
    <Filter Include="Resource Files">
      <UniqueIdentifier>{67DA6AB6-F800-4c08-8B7A-83BB121AAD01}</UniqueIdentifier>
      <Extensions>rc;ico;cur;bmp;dlg;rc2;rct;bin;rgs;gif;jpg;jpeg;jpe;resx;tiff;tif;png;wav;mfcribbon-ms</Extensions>
    </Filter>
  </ItemGroup>
  <ItemGroup>
    <ClCompile Include="main.cpp">
      <Filter>Source Files</Filter>
    </ClCompile>
    <ClCompile Include="gsqueue.cpp">
      <Filter>Source Files</Filter>
    </ClCompile>
    <ClCompile Include="gsplay.cpp">
      <Filter>Source Files</Filter>
    </ClCompile>
    <ClCompile Include="renderer.cpp">
      <Filter>Source Files</Filter>
    </ClCompile>
    <ClCompile Include="iomanager.cpp">
      <Filter>Source Files</Filter>
    </ClCompile>
    <ClCompile Include="ioutils.cpp">
      <Filter>Source Files</Filter>
    </ClCompile>
    <ClCompile Include="body.cpp">
      <Filter>Source Files</Filter>
    </ClCompile>
    <ClCompile Include="shader.cpp">
      <Filter>Source Files</Filter>
    </ClCompile>
    <ClCompile Include="ddsloader.cpp">
      <Filter>Source Files</Filter>
    </ClCompile>
    <ClCompile Include="camera.cpp">
      <Filter>Source Files</Filter>
    </ClCompile>
    <ClCompile Include="hidmanager.cpp">
      <Filter>Source Files</Filter>
    </ClCompile>
    <ClCompile Include="level.cpp">
      <Filter>Source Files</Filter>
    </ClCompile>
    <ClCompile Include="clock.cpp">
      <Filter>Source Files</Filter>
    </ClCompile>
    <ClCompile Include="fpscounter.cpp">
      <Filter>Source Files</Filter>
    </ClCompile>
    <ClCompile Include="player.cpp">
      <Filter>Source Files</Filter>
    </ClCompile>
    <ClCompile Include="hudcomponent.cpp">
      <Filter>Source Files</Filter>
    </ClCompile>
    <ClCompile Include="fontengine.cpp">
      <Filter>Source Files</Filter>
    </ClCompile>
    <ClCompile Include="config.cpp">
      <Filter>Source Files</Filter>
    </ClCompile>
    <ClCompile Include="menuboxbody.cpp">
      <Filter>Source Files</Filter>
    </ClCompile>
    <ClCompile Include="billboard.cpp">
      <Filter>Source Files</Filter>
    </ClCompile>
    <ClCompile Include="npc.cpp">
      <Filter>Source Files</Filter>
    </ClCompile>
    <ClCompile Include="chatbox.cpp">
      <Filter>Source Files</Filter>
    </ClCompile>
    <ClCompile Include="owobject.cpp">
      <Filter>Source Files</Filter>
    </ClCompile>
  </ItemGroup>
  <ItemGroup>
    <ClInclude Include="common.h">
      <Filter>Header Files</Filter>
    </ClInclude>
    <ClInclude Include="gsqueue.h">
      <Filter>Header Files</Filter>
    </ClInclude>
    <ClInclude Include="a_gamestate.h">
      <Filter>Header Files</Filter>
    </ClInclude>
    <ClInclude Include="gsplay.h">
      <Filter>Header Files</Filter>
    </ClInclude>
    <ClInclude Include="renderer.h">
      <Filter>Header Files</Filter>
    </ClInclude>
    <ClInclude Include="iomanager.h">
      <Filter>Header Files</Filter>
    </ClInclude>
    <ClInclude Include="body.h">
      <Filter>Header Files</Filter>
    </ClInclude>
    <ClInclude Include="ioutils.h">
      <Filter>Header Files</Filter>
    </ClInclude>
    <ClInclude Include="shader.h">
      <Filter>Header Files</Filter>
    </ClInclude>
    <ClInclude Include="d3dcommon.h">
      <Filter>Header Files</Filter>
    </ClInclude>
    <ClInclude Include="texture.h">
      <Filter>Header Files</Filter>
    </ClInclude>
    <ClInclude Include="camera.h">
      <Filter>Header Files</Filter>
    </ClInclude>
    <ClInclude Include="ddsloader.h">
      <Filter>Header Files</Filter>
    </ClInclude>
    <ClInclude Include="ddshelpers.h">
      <Filter>Header Files</Filter>
    </ClInclude>
    <ClInclude Include="hidmanager.h">
      <Filter>Header Files</Filter>
    </ClInclude>
    <ClInclude Include="level.h">
      <Filter>Header Files</Filter>
    </ClInclude>
    <ClInclude Include="clock.h">
      <Filter>Header Files</Filter>
    </ClInclude>
    <ClInclude Include="fpscounter.h">
      <Filter>Header Files</Filter>
    </ClInclude>
    <ClInclude Include="player.h">
      <Filter>Header Files</Filter>
    </ClInclude>
    <ClInclude Include="pokedef.h">
      <Filter>Header Files</Filter>
    </ClInclude>
    <ClInclude Include="staticmodel.h">
      <Filter>Header Files</Filter>
    </ClInclude>
    <ClInclude Include="hudcomponent.h">
      <Filter>Header Files</Filter>
    </ClInclude>
    <ClInclude Include="fontengine.h">
      <Filter>Header Files</Filter>
    </ClInclude>
    <ClInclude Include="config.h">
      <Filter>Header Files</Filter>
    </ClInclude>
    <ClInclude Include="colors.h">
      <Filter>Header Files</Filter>
    </ClInclude>
    <ClInclude Include="menuboxbody.h">
      <Filter>Header Files</Filter>
    </ClInclude>
    <ClInclude Include="billboard.h">
      <Filter>Header Files</Filter>
    </ClInclude>
    <ClInclude Include="npc.h">
      <Filter>Header Files</Filter>
    </ClInclude>
    <ClInclude Include="chatbox.h">
      <Filter>Header Files</Filter>
    </ClInclude>
    <ClInclude Include="owobject.h">
      <Filter>Header Files</Filter>
    </ClInclude>
  </ItemGroup>
</Project>